
Microsoft Visual Studio Solution File, Format Version 12.00
# Visual Studio Version 17
VisualStudioVersion = 17.0.32002.185
MinimumVisualStudioVersion = 10.0.40219.1
Project("{FAE04EC0-301F-11D3-BF4B-00C04F79EFBC}") = "WFA220103", "WFA220103\WFA220103.csproj", "{405C90B4-BB6B-4193-84D9-397745A557F4}"
EndProject
Global
	GlobalSection(SolutionConfigurationPlatforms) = preSolution
		Debug|Any CPU = Debug|Any CPU
		Release|Any CPU = Release|Any CPU
	EndGlobalSection
	GlobalSection(ProjectConfigurationPlatforms) = postSolution
		{405C90B4-BB6B-4193-84D9-397745A557F4}.Debug|Any CPU.ActiveCfg = Debug|Any CPU
		{405C90B4-BB6B-4193-84D9-397745A557F4}.Debug|Any CPU.Build.0 = Debug|Any CPU
		{405C90B4-BB6B-4193-84D9-397745A557F4}.Release|Any CPU.ActiveCfg = Release|Any CPU
		{405C90B4-BB6B-4193-84D9-397745A557F4}.Release|Any CPU.Build.0 = Release|Any CPU
	EndGlobalSection
	GlobalSection(SolutionProperties) = preSolution
		HideSolutionNode = FALSE
	EndGlobalSection
	GlobalSection(ExtensibilityGlobals) = postSolution
		SolutionGuid = {83D91836-965E-463A-BAF3-CDE23C6B9D0D}
	EndGlobalSection
EndGlobal
